
Microsoft Visual Studio Solution File, Format Version 12.00
# Visual Studio 15
VisualStudioVersion = 15.0.27004.2002
MinimumVisualStudioVersion = 10.0.40219.1
Project("{2150E333-8FDC-42A3-9474-1A3956D46DE8}") = "ocelot_id", "ocelot_id", "{3D1AB5AF-EE31-4BAF-82D0-1514C1786ACA}"
EndProject
Project("{9A19103F-16F7-4668-BE54-9A1E7A4F7556}") = "ID4.IdServer", "ID4.IdServer\ID4.IdServer.csproj", "{08ECA8A6-BC11-463B-89DF-67B94D047904}"
EndProject
Project("{9A19103F-16F7-4668-BE54-9A1E7A4F7556}") = "ID4.Ocelot", "ID4.Ocelot\ID4.Ocelot.csproj", "{2CB9D787-3213-44E8-A384-8C565B328B43}"
EndProject
Project("{9A19103F-16F7-4668-BE54-9A1E7A4F7556}") = "LoginServer", "LoginServer\LoginServer.csproj", "{48988EE5-3D47-40BA-8658-14325BBEA63E}"
EndProject
Project("{9A19103F-16F7-4668-BE54-9A1E7A4F7556}") = "Model", "Model\Model.csproj", "{5F95FDD6-698F-4EF2-A42A-728F211816B9}"
EndProject
Project("{2150E333-8FDC-42A3-9474-1A3956D46DE8}") = "应用服务", "应用服务", "{1F80EA12-0148-4464-82C3-B20D782880FF}"
EndProject
Project("{2150E333-8FDC-42A3-9474-1A3956D46DE8}") = "基础结构层", "基础结构层", "{5E012FF9-E954-4009-96EB-516B033D9A7C}"
EndProject
Project("{9A19103F-16F7-4668-BE54-9A1E7A4F7556}") = "DGQ.Code", "DGQ.Code\DGQ.Code.csproj", "{632D09B3-6424-4D62-9DFE-D76384FF7360}"
EndProject
Project("{9A19103F-16F7-4668-BE54-9A1E7A4F7556}") = "DGQ.Infrustructure.Contract", "DGQ.Infrustructure.Contract\DGQ.Infrustructure.Contract.csproj", "{A5DFF896-5213-4A0A-9258-4BBC12410159}"
EndProject
Project("{9A19103F-16F7-4668-BE54-9A1E7A4F7556}") = "DGQ.Infrustructure.EF", "DGQ.Infrustructure.EF\DGQ.Infrustructure.EF.csproj", "{6433AD00-364E-4318-B129-8E713C5CBAE6}"
EndProject
Project("{9A19103F-16F7-4668-BE54-9A1E7A4F7556}") = "DGQ.Repository.Contract", "DGQ.Repository.Contract\DGQ.Repository.Contract.csproj", "{2E81C082-4CBA-48BF-920B-76DD42A82E38}"
EndProject
Project("{9A19103F-16F7-4668-BE54-9A1E7A4F7556}") = "DGQ.Repository.EF", "DGQ.Repository.EF\DGQ.Repository.EF.csproj", "{78D17688-ED6F-471C-A5CD-FE21B39A15DB}"
EndProject
Project("{9A19103F-16F7-4668-BE54-9A1E7A4F7556}") = "DGQ.Service", "DGQ.Service\DGQ.Service.csproj", "{69806A46-A889-4D33-9294-360513CE9A6C}"
EndProject
Project("{9A19103F-16F7-4668-BE54-9A1E7A4F7556}") = "DGQ.Service.Contract", "DGQ.Service.Contract\DGQ.Service.Contract.csproj", "{71B156B5-B961-4540-9809-6C112CEC08B4}"
EndProject
Global
	GlobalSection(SolutionConfigurationPlatforms) = preSolution
		Debug|Any CPU = Debug|Any CPU
		Release|Any CPU = Release|Any CPU
	EndGlobalSection
	GlobalSection(ProjectConfigurationPlatforms) = postSolution
		{08ECA8A6-BC11-463B-89DF-67B94D047904}.Debug|Any CPU.ActiveCfg = Debug|Any CPU
		{08ECA8A6-BC11-463B-89DF-67B94D047904}.Debug|Any CPU.Build.0 = Debug|Any CPU
		{08ECA8A6-BC11-463B-89DF-67B94D047904}.Release|Any CPU.ActiveCfg = Release|Any CPU
		{08ECA8A6-BC11-463B-89DF-67B94D047904}.Release|Any CPU.Build.0 = Release|Any CPU
		{2CB9D787-3213-44E8-A384-8C565B328B43}.Debug|Any CPU.ActiveCfg = Debug|Any CPU
		{2CB9D787-3213-44E8-A384-8C565B328B43}.Debug|Any CPU.Build.0 = Debug|Any CPU
		{2CB9D787-3213-44E8-A384-8C565B328B43}.Release|Any CPU.ActiveCfg = Release|Any CPU
		{2CB9D787-3213-44E8-A384-8C565B328B43}.Release|Any CPU.Build.0 = Release|Any CPU
		{48988EE5-3D47-40BA-8658-14325BBEA63E}.Debug|Any CPU.ActiveCfg = Debug|Any CPU
		{48988EE5-3D47-40BA-8658-14325BBEA63E}.Debug|Any CPU.Build.0 = Debug|Any CPU
		{48988EE5-3D47-40BA-8658-14325BBEA63E}.Release|Any CPU.ActiveCfg = Release|Any CPU
		{48988EE5-3D47-40BA-8658-14325BBEA63E}.Release|Any CPU.Build.0 = Release|Any CPU
		{5F95FDD6-698F-4EF2-A42A-728F211816B9}.Debug|Any CPU.ActiveCfg = Debug|Any CPU
		{5F95FDD6-698F-4EF2-A42A-728F211816B9}.Debug|Any CPU.Build.0 = Debug|Any CPU
		{5F95FDD6-698F-4EF2-A42A-728F211816B9}.Release|Any CPU.ActiveCfg = Release|Any CPU
		{5F95FDD6-698F-4EF2-A42A-728F211816B9}.Release|Any CPU.Build.0 = Release|Any CPU
		{632D09B3-6424-4D62-9DFE-D76384FF7360}.Debug|Any CPU.ActiveCfg = Debug|Any CPU
		{632D09B3-6424-4D62-9DFE-D76384FF7360}.Debug|Any CPU.Build.0 = Debug|Any CPU
		{632D09B3-6424-4D62-9DFE-D76384FF7360}.Release|Any CPU.ActiveCfg = Release|Any CPU
		{632D09B3-6424-4D62-9DFE-D76384FF7360}.Release|Any CPU.Build.0 = Release|Any CPU
		{A5DFF896-5213-4A0A-9258-4BBC12410159}.Debug|Any CPU.ActiveCfg = Debug|Any CPU
		{A5DFF896-5213-4A0A-9258-4BBC12410159}.Debug|Any CPU.Build.0 = Debug|Any CPU
		{A5DFF896-5213-4A0A-9258-4BBC12410159}.Release|Any CPU.ActiveCfg = Release|Any CPU
		{A5DFF896-5213-4A0A-9258-4BBC12410159}.Release|Any CPU.Build.0 = Release|Any CPU
		{6433AD00-364E-4318-B129-8E713C5CBAE6}.Debug|Any CPU.ActiveCfg = Debug|Any CPU
		{6433AD00-364E-4318-B129-8E713C5CBAE6}.Debug|Any CPU.Build.0 = Debug|Any CPU
		{6433AD00-364E-4318-B129-8E713C5CBAE6}.Release|Any CPU.ActiveCfg = Release|Any CPU
		{6433AD00-364E-4318-B129-8E713C5CBAE6}.Release|Any CPU.Build.0 = Release|Any CPU
		{2E81C082-4CBA-48BF-920B-76DD42A82E38}.Debug|Any CPU.ActiveCfg = Debug|Any CPU
		{2E81C082-4CBA-48BF-920B-76DD42A82E38}.Debug|Any CPU.Build.0 = Debug|Any CPU
		{2E81C082-4CBA-48BF-920B-76DD42A82E38}.Release|Any CPU.ActiveCfg = Release|Any CPU
		{2E81C082-4CBA-48BF-920B-76DD42A82E38}.Release|Any CPU.Build.0 = Release|Any CPU
		{78D17688-ED6F-471C-A5CD-FE21B39A15DB}.Debug|Any CPU.ActiveCfg = Debug|Any CPU
		{78D17688-ED6F-471C-A5CD-FE21B39A15DB}.Debug|Any CPU.Build.0 = Debug|Any CPU
		{78D17688-ED6F-471C-A5CD-FE21B39A15DB}.Release|Any CPU.ActiveCfg = Release|Any CPU
		{78D17688-ED6F-471C-A5CD-FE21B39A15DB}.Release|Any CPU.Build.0 = Release|Any CPU
		{69806A46-A889-4D33-9294-360513CE9A6C}.Debug|Any CPU.ActiveCfg = Debug|Any CPU
		{69806A46-A889-4D33-9294-360513CE9A6C}.Debug|Any CPU.Build.0 = Debug|Any CPU
		{69806A46-A889-4D33-9294-360513CE9A6C}.Release|Any CPU.ActiveCfg = Release|Any CPU
		{69806A46-A889-4D33-9294-360513CE9A6C}.Release|Any CPU.Build.0 = Release|Any CPU
		{71B156B5-B961-4540-9809-6C112CEC08B4}.Debug|Any CPU.ActiveCfg = Debug|Any CPU
		{71B156B5-B961-4540-9809-6C112CEC08B4}.Debug|Any CPU.Build.0 = Debug|Any CPU
		{71B156B5-B961-4540-9809-6C112CEC08B4}.Release|Any CPU.ActiveCfg = Release|Any CPU
		{71B156B5-B961-4540-9809-6C112CEC08B4}.Release|Any CPU.Build.0 = Release|Any CPU
	EndGlobalSection
	GlobalSection(SolutionProperties) = preSolution
		HideSolutionNode = FALSE
	EndGlobalSection
	GlobalSection(NestedProjects) = preSolution
		{08ECA8A6-BC11-463B-89DF-67B94D047904} = {3D1AB5AF-EE31-4BAF-82D0-1514C1786ACA}
		{2CB9D787-3213-44E8-A384-8C565B328B43} = {3D1AB5AF-EE31-4BAF-82D0-1514C1786ACA}
		{632D09B3-6424-4D62-9DFE-D76384FF7360} = {5E012FF9-E954-4009-96EB-516B033D9A7C}
		{A5DFF896-5213-4A0A-9258-4BBC12410159} = {1F80EA12-0148-4464-82C3-B20D782880FF}
		{6433AD00-364E-4318-B129-8E713C5CBAE6} = {1F80EA12-0148-4464-82C3-B20D782880FF}
		{2E81C082-4CBA-48BF-920B-76DD42A82E38} = {1F80EA12-0148-4464-82C3-B20D782880FF}
		{78D17688-ED6F-471C-A5CD-FE21B39A15DB} = {1F80EA12-0148-4464-82C3-B20D782880FF}
		{69806A46-A889-4D33-9294-360513CE9A6C} = {1F80EA12-0148-4464-82C3-B20D782880FF}
		{71B156B5-B961-4540-9809-6C112CEC08B4} = {1F80EA12-0148-4464-82C3-B20D782880FF}
	EndGlobalSection
	GlobalSection(ExtensibilityGlobals) = postSolution
		SolutionGuid = {EB19FD9C-8E3B-4D72-8705-99F82CF6B8EC}
	EndGlobalSection
EndGlobal
